
Microsoft Visual Studio Solution File, Format Version 12.00
# Visual Studio 15
VisualStudioVersion = 15.0.27428.2027
MinimumVisualStudioVersion = 10.0.40219.1
Project("{FAE04EC0-301F-11D3-BF4B-00C04F79EFBC}") = "NuGitWin", "NuGitWin\NuGitWin.csproj", "{C2A4AA66-2ED5-4A40-AB55-E0A155ED682D}"
EndProject
Global
	GlobalSection(SolutionConfigurationPlatforms) = preSolution
		Debug|Any CPU = Debug|Any CPU
		Release|Any CPU = Release|Any CPU
	EndGlobalSection
	GlobalSection(ProjectConfigurationPlatforms) = postSolution
		{C2A4AA66-2ED5-4A40-AB55-E0A155ED682D}.Debug|Any CPU.ActiveCfg = Debug|Any CPU
		{C2A4AA66-2ED5-4A40-AB55-E0A155ED682D}.Debug|Any CPU.Build.0 = Debug|Any CPU
		{C2A4AA66-2ED5-4A40-AB55-E0A155ED682D}.Release|Any CPU.ActiveCfg = Release|Any CPU
		{C2A4AA66-2ED5-4A40-AB55-E0A155ED682D}.Release|Any CPU.Build.0 = Release|Any CPU
	EndGlobalSection
	GlobalSection(SolutionProperties) = preSolution
		HideSolutionNode = FALSE
	EndGlobalSection
	GlobalSection(ExtensibilityGlobals) = postSolution
		SolutionGuid = {382DEEAF-F44B-41BC-AB1E-E5B3B95CE3D7}
	EndGlobalSection
EndGlobal
